
Microsoft Visual Studio Solution File, Format Version 12.00
# Visual Studio Version 16
VisualStudioVersion = 16.0.34114.132
MinimumVisualStudioVersion = 10.0.40219.1
Project("{9A19103F-16F7-4668-BE54-9A1E7A4F7556}") = "JayoMidiControllerAnimator", "JayoMidiControllerAnimator.csproj", "{37857A1E-11D4-4A8C-8FEC-47940401263B}"
EndProject
Global
	GlobalSection(SolutionConfigurationPlatforms) = preSolution
		Debug|Any CPU = Debug|Any CPU
		Release|Any CPU = Release|Any CPU
	EndGlobalSection
	GlobalSection(ProjectConfigurationPlatforms) = postSolution
		{37857A1E-11D4-4A8C-8FEC-47940401263B}.Debug|Any CPU.ActiveCfg = Debug|Any CPU
		{37857A1E-11D4-4A8C-8FEC-47940401263B}.Debug|Any CPU.Build.0 = Debug|Any CPU
		{37857A1E-11D4-4A8C-8FEC-47940401263B}.Release|Any CPU.ActiveCfg = Release|Any CPU
		{37857A1E-11D4-4A8C-8FEC-47940401263B}.Release|Any CPU.Build.0 = Release|Any CPU
	EndGlobalSection
	GlobalSection(SolutionProperties) = preSolution
		HideSolutionNode = FALSE
	EndGlobalSection
	GlobalSection(ExtensibilityGlobals) = postSolution
		SolutionGuid = {F90F3114-5719-4ADF-B9EF-9AC1D0014891}
	EndGlobalSection
EndGlobal
